
Microsoft Visual Studio Solution File, Format Version 12.00
Project("{FAE04EC0-301F-11D3-BF4B-00C04F79EFBC}") = "Htmx.Oob", "Htmx.Oob\Htmx.Oob.csproj", "{370E80C5-DE53-42AE-9667-DB8C29488A01}"
EndProject
Project("{FAE04EC0-301F-11D3-BF4B-00C04F79EFBC}") = "Htmx.Oob.Example", "Htmx.Oob.Example\Htmx.Oob.Example.csproj", "{FF0F5FB2-8326-48B7-A85D-DE7929F80A9E}"
EndProject
Project("{FAE04EC0-301F-11D3-BF4B-00C04F79EFBC}") = "Htmx.Oob.Test", "Htmx.Oob.Test\Htmx.Oob.Test.csproj", "{4D93C86B-61D8-4BED-9BDD-3ED473945455}"
EndProject
Global
	GlobalSection(SolutionConfigurationPlatforms) = preSolution
		Debug|Any CPU = Debug|Any CPU
		Release|Any CPU = Release|Any CPU
	EndGlobalSection
	GlobalSection(ProjectConfigurationPlatforms) = postSolution
		{370E80C5-DE53-42AE-9667-DB8C29488A01}.Debug|Any CPU.ActiveCfg = Debug|Any CPU
		{370E80C5-DE53-42AE-9667-DB8C29488A01}.Debug|Any CPU.Build.0 = Debug|Any CPU
		{370E80C5-DE53-42AE-9667-DB8C29488A01}.Release|Any CPU.ActiveCfg = Release|Any CPU
		{370E80C5-DE53-42AE-9667-DB8C29488A01}.Release|Any CPU.Build.0 = Release|Any CPU
		{FF0F5FB2-8326-48B7-A85D-DE7929F80A9E}.Debug|Any CPU.ActiveCfg = Debug|Any CPU
		{FF0F5FB2-8326-48B7-A85D-DE7929F80A9E}.Debug|Any CPU.Build.0 = Debug|Any CPU
		{FF0F5FB2-8326-48B7-A85D-DE7929F80A9E}.Release|Any CPU.ActiveCfg = Release|Any CPU
		{FF0F5FB2-8326-48B7-A85D-DE7929F80A9E}.Release|Any CPU.Build.0 = Release|Any CPU
		{4D93C86B-61D8-4BED-9BDD-3ED473945455}.Debug|Any CPU.ActiveCfg = Debug|Any CPU
		{4D93C86B-61D8-4BED-9BDD-3ED473945455}.Debug|Any CPU.Build.0 = Debug|Any CPU
		{4D93C86B-61D8-4BED-9BDD-3ED473945455}.Release|Any CPU.ActiveCfg = Release|Any CPU
		{4D93C86B-61D8-4BED-9BDD-3ED473945455}.Release|Any CPU.Build.0 = Release|Any CPU
	EndGlobalSection
EndGlobal
